
Microsoft Visual Studio Solution File, Format Version 12.00
# Visual Studio 15
VisualStudioVersion = 15.0.28010.2048
MinimumVisualStudioVersion = 10.0.40219.1
Project("{FAE04EC0-301F-11D3-BF4B-00C04F79EFBC}") = "ELibraryProject", "ELibraryProject\ELibraryProject.csproj", "{D6122847-4327-4A62-9445-83C6297153B9}"
EndProject
Global
	GlobalSection(SolutionConfigurationPlatforms) = preSolution
		Debug|Any CPU = Debug|Any CPU
		Release|Any CPU = Release|Any CPU
	EndGlobalSection
	GlobalSection(ProjectConfigurationPlatforms) = postSolution
		{D6122847-4327-4A62-9445-83C6297153B9}.Debug|Any CPU.ActiveCfg = Debug|Any CPU
		{D6122847-4327-4A62-9445-83C6297153B9}.Debug|Any CPU.Build.0 = Debug|Any CPU
		{D6122847-4327-4A62-9445-83C6297153B9}.Release|Any CPU.ActiveCfg = Release|Any CPU
		{D6122847-4327-4A62-9445-83C6297153B9}.Release|Any CPU.Build.0 = Release|Any CPU
	EndGlobalSection
	GlobalSection(SolutionProperties) = preSolution
		HideSolutionNode = FALSE
	EndGlobalSection
	GlobalSection(ExtensibilityGlobals) = postSolution
		SolutionGuid = {837FEF14-F47D-4A06-B6D8-30EB2E4C9E25}
	EndGlobalSection
EndGlobal
